
Microsoft Visual Studio Solution File, Format Version 12.00
# Visual Studio Version 16
VisualStudioVersion = 16.0.29102.190
MinimumVisualStudioVersion = 10.0.40219.1
Project("{2150E333-8FDC-42A3-9474-1A3956D46DE8}") = "app", "app", "{CB2A51F2-B603-4F12-BE07-BBDE286763F9}"
EndProject
Project("{2150E333-8FDC-42A3-9474-1A3956D46DE8}") = "cms", "cms", "{860425BC-C0B7-4B65-BB09-8A02D3B7D509}"
EndProject
Project("{2150E333-8FDC-42A3-9474-1A3956D46DE8}") = "shared", "shared", "{CF039FC0-983B-4984-B713-C5932C91D92A}"
EndProject
Project("{9A19103F-16F7-4668-BE54-9A1E7A4F7556}") = "MyFoodDoc.App.Auth", "src\MyFoodDoc.App.Auth\MyFoodDoc.App.Auth.csproj", "{2E1861EF-C72F-460A-A66D-96C5AA7A8A19}"
EndProject
Project("{E53339B2-1760-4266-BCC7-CA923CBCF16C}") = "docker-compose", "docker-compose.dcproj", "{990D428B-C7F9-4205-B6A1-69477CE5180B}"
EndProject
Project("{2150E333-8FDC-42A3-9474-1A3956D46DE8}") = "tools", "tools", "{77A0EEB2-A6DB-40EE-BEB8-97053A8CC6EC}"
EndProject
Project("{2150E333-8FDC-42A3-9474-1A3956D46DE8}") = "src", "src", "{537E1F0C-A54C-41F9-ABF2-D43A41B08B17}"
EndProject
Project("{2150E333-8FDC-42A3-9474-1A3956D46DE8}") = "tests", "tests", "{C9FE4AB3-AD5A-405B-B36F-8B244EA90242}"
EndProject
Project("{9A19103F-16F7-4668-BE54-9A1E7A4F7556}") = "MyFoodDoc.Infrastructure", "src\MyFoodDoc.Infrastructure\MyFoodDoc.Infrastructure.csproj", "{C232C528-EA7F-442B-90D0-CB86CCAF7535}"
EndProject
Project("{9A19103F-16F7-4668-BE54-9A1E7A4F7556}") = "MyFoodDoc.Application", "src\MyFoodDoc.Application\MyFoodDoc.Application.csproj", "{DC0A894D-223A-4ED2-8884-565B5E6212B4}"
EndProject
Project("{9A19103F-16F7-4668-BE54-9A1E7A4F7556}") = "MyFoodDoc.App.Api", "src\MyFoodDoc.App.Api\MyFoodDoc.App.Api.csproj", "{54C782C0-A7B1-491E-BAB9-54A932A2D01A}"
EndProject
Project("{9A19103F-16F7-4668-BE54-9A1E7A4F7556}") = "MyFoodDoc.Core", "src\MyFoodDoc.Core\MyFoodDoc.Core.csproj", "{F503A0A8-A154-4923-B0C9-3F937C0F28B1}"
EndProject
Project("{9A19103F-16F7-4668-BE54-9A1E7A4F7556}") = "MyFoodDoc.App.Application", "src\MyFoodDoc.App.Application\MyFoodDoc.App.Application.csproj", "{0AEF6480-5808-4100-8107-73F058EC526B}"
EndProject
Project("{9A19103F-16F7-4668-BE54-9A1E7A4F7556}") = "MyFoodDoc.App.Infrastructure", "src\MyFoodDoc.App.Infrastructure\MyFoodDoc.App.Infrastructure.csproj", "{FD11462B-D452-45EB-92C0-2BA8D4D1340E}"
EndProject
Global
	GlobalSection(SolutionConfigurationPlatforms) = preSolution
		Debug|Any CPU = Debug|Any CPU
		Release|Any CPU = Release|Any CPU
	EndGlobalSection
	GlobalSection(ProjectConfigurationPlatforms) = postSolution
		{2E1861EF-C72F-460A-A66D-96C5AA7A8A19}.Debug|Any CPU.ActiveCfg = Debug|Any CPU
		{2E1861EF-C72F-460A-A66D-96C5AA7A8A19}.Debug|Any CPU.Build.0 = Debug|Any CPU
		{2E1861EF-C72F-460A-A66D-96C5AA7A8A19}.Release|Any CPU.ActiveCfg = Release|Any CPU
		{2E1861EF-C72F-460A-A66D-96C5AA7A8A19}.Release|Any CPU.Build.0 = Release|Any CPU
		{990D428B-C7F9-4205-B6A1-69477CE5180B}.Debug|Any CPU.ActiveCfg = Debug|Any CPU
		{990D428B-C7F9-4205-B6A1-69477CE5180B}.Debug|Any CPU.Build.0 = Debug|Any CPU
		{990D428B-C7F9-4205-B6A1-69477CE5180B}.Release|Any CPU.ActiveCfg = Release|Any CPU
		{990D428B-C7F9-4205-B6A1-69477CE5180B}.Release|Any CPU.Build.0 = Release|Any CPU
		{5DAD152B-834A-4DCF-8A8E-129500409A54}.Debug|Any CPU.ActiveCfg = Debug|Any CPU
		{5DAD152B-834A-4DCF-8A8E-129500409A54}.Debug|Any CPU.Build.0 = Debug|Any CPU
		{5DAD152B-834A-4DCF-8A8E-129500409A54}.Release|Any CPU.ActiveCfg = Release|Any CPU
		{5DAD152B-834A-4DCF-8A8E-129500409A54}.Release|Any CPU.Build.0 = Release|Any CPU
		{C232C528-EA7F-442B-90D0-CB86CCAF7535}.Debug|Any CPU.ActiveCfg = Debug|Any CPU
		{C232C528-EA7F-442B-90D0-CB86CCAF7535}.Debug|Any CPU.Build.0 = Debug|Any CPU
		{C232C528-EA7F-442B-90D0-CB86CCAF7535}.Release|Any CPU.ActiveCfg = Release|Any CPU
		{C232C528-EA7F-442B-90D0-CB86CCAF7535}.Release|Any CPU.Build.0 = Release|Any CPU
		{DC0A894D-223A-4ED2-8884-565B5E6212B4}.Debug|Any CPU.ActiveCfg = Debug|Any CPU
		{DC0A894D-223A-4ED2-8884-565B5E6212B4}.Debug|Any CPU.Build.0 = Debug|Any CPU
		{DC0A894D-223A-4ED2-8884-565B5E6212B4}.Release|Any CPU.ActiveCfg = Release|Any CPU
		{DC0A894D-223A-4ED2-8884-565B5E6212B4}.Release|Any CPU.Build.0 = Release|Any CPU
		{54C782C0-A7B1-491E-BAB9-54A932A2D01A}.Debug|Any CPU.ActiveCfg = Debug|Any CPU
		{54C782C0-A7B1-491E-BAB9-54A932A2D01A}.Debug|Any CPU.Build.0 = Debug|Any CPU
		{54C782C0-A7B1-491E-BAB9-54A932A2D01A}.Release|Any CPU.ActiveCfg = Release|Any CPU
		{54C782C0-A7B1-491E-BAB9-54A932A2D01A}.Release|Any CPU.Build.0 = Release|Any CPU
		{F503A0A8-A154-4923-B0C9-3F937C0F28B1}.Debug|Any CPU.ActiveCfg = Debug|Any CPU
		{F503A0A8-A154-4923-B0C9-3F937C0F28B1}.Debug|Any CPU.Build.0 = Debug|Any CPU
		{F503A0A8-A154-4923-B0C9-3F937C0F28B1}.Release|Any CPU.ActiveCfg = Release|Any CPU
		{F503A0A8-A154-4923-B0C9-3F937C0F28B1}.Release|Any CPU.Build.0 = Release|Any CPU
		{0AEF6480-5808-4100-8107-73F058EC526B}.Debug|Any CPU.ActiveCfg = Debug|Any CPU
		{0AEF6480-5808-4100-8107-73F058EC526B}.Debug|Any CPU.Build.0 = Debug|Any CPU
		{0AEF6480-5808-4100-8107-73F058EC526B}.Release|Any CPU.ActiveCfg = Release|Any CPU
		{0AEF6480-5808-4100-8107-73F058EC526B}.Release|Any CPU.Build.0 = Release|Any CPU
		{A699833F-22B8-4922-9076-3F42462BB65F}.Debug|Any CPU.ActiveCfg = Debug|Any CPU
		{A699833F-22B8-4922-9076-3F42462BB65F}.Debug|Any CPU.Build.0 = Debug|Any CPU
		{A699833F-22B8-4922-9076-3F42462BB65F}.Release|Any CPU.ActiveCfg = Release|Any CPU
		{A699833F-22B8-4922-9076-3F42462BB65F}.Release|Any CPU.Build.0 = Release|Any CPU
		{FD11462B-D452-45EB-92C0-2BA8D4D1340E}.Debug|Any CPU.ActiveCfg = Debug|Any CPU
		{FD11462B-D452-45EB-92C0-2BA8D4D1340E}.Debug|Any CPU.Build.0 = Debug|Any CPU
		{FD11462B-D452-45EB-92C0-2BA8D4D1340E}.Release|Any CPU.ActiveCfg = Release|Any CPU
		{FD11462B-D452-45EB-92C0-2BA8D4D1340E}.Release|Any CPU.Build.0 = Release|Any CPU
		{9967F614-2055-44FB-8127-BB41367A4E97}.Debug|Any CPU.ActiveCfg = Debug|Any CPU
		{9967F614-2055-44FB-8127-BB41367A4E97}.Debug|Any CPU.Build.0 = Debug|Any CPU
		{9967F614-2055-44FB-8127-BB41367A4E97}.Release|Any CPU.ActiveCfg = Release|Any CPU
		{9967F614-2055-44FB-8127-BB41367A4E97}.Release|Any CPU.Build.0 = Release|Any CPU
	EndGlobalSection
	GlobalSection(SolutionProperties) = preSolution
		HideSolutionNode = FALSE
	EndGlobalSection
	GlobalSection(NestedProjects) = preSolution
		{CB2A51F2-B603-4F12-BE07-BBDE286763F9} = {537E1F0C-A54C-41F9-ABF2-D43A41B08B17}
		{860425BC-C0B7-4B65-BB09-8A02D3B7D509} = {537E1F0C-A54C-41F9-ABF2-D43A41B08B17}
		{CF039FC0-983B-4984-B713-C5932C91D92A} = {537E1F0C-A54C-41F9-ABF2-D43A41B08B17}
		{2E1861EF-C72F-460A-A66D-96C5AA7A8A19} = {CB2A51F2-B603-4F12-BE07-BBDE286763F9}
		{5DAD152B-834A-4DCF-8A8E-129500409A54} = {860425BC-C0B7-4B65-BB09-8A02D3B7D509}
		{C232C528-EA7F-442B-90D0-CB86CCAF7535} = {CF039FC0-983B-4984-B713-C5932C91D92A}
		{DC0A894D-223A-4ED2-8884-565B5E6212B4} = {CF039FC0-983B-4984-B713-C5932C91D92A}
		{54C782C0-A7B1-491E-BAB9-54A932A2D01A} = {CB2A51F2-B603-4F12-BE07-BBDE286763F9}
		{F503A0A8-A154-4923-B0C9-3F937C0F28B1} = {CF039FC0-983B-4984-B713-C5932C91D92A}
		{0AEF6480-5808-4100-8107-73F058EC526B} = {CB2A51F2-B603-4F12-BE07-BBDE286763F9}
		{A699833F-22B8-4922-9076-3F42462BB65F} = {77A0EEB2-A6DB-40EE-BEB8-97053A8CC6EC}
		{FD11462B-D452-45EB-92C0-2BA8D4D1340E} = {CB2A51F2-B603-4F12-BE07-BBDE286763F9}
		{9967F614-2055-44FB-8127-BB41367A4E97} = {860425BC-C0B7-4B65-BB09-8A02D3B7D509}
	EndGlobalSection
	GlobalSection(ExtensibilityGlobals) = postSolution
		SolutionGuid = {156771D1-5C1C-4E9F-B531-A625B6AFF31F}
	EndGlobalSection
EndGlobal
